// !$*UTF8*$!
{
	archiveVersion = 1;
	classes = {
	};
	objectVersion = 50;
	objects = {

/* Begin PBXBuildFile section */
		2F1A9E1823CE18B8003BADF3 /* AppDelegate.swift in Sources */ = {isa = PBXBuildFile; fileRef = 2F1A9E1723CE18B8003BADF3 /* AppDelegate.swift */; };
		2F1A9E1A23CE18B8003BADF3 /* SceneDelegate.swift in Sources */ = {isa = PBXBuildFile; fileRef = 2F1A9E1923CE18B8003BADF3 /* SceneDelegate.swift */; };
		2F1A9E1C23CE18B8003BADF3 /* ViewController.swift in Sources */ = {isa = PBXBuildFile; fileRef = 2F1A9E1B23CE18B8003BADF3 /* ViewController.swift */; };
		2F1A9E1F23CE18B8003BADF3 /* Main.storyboard in Resources */ = {isa = PBXBuildFile; fileRef = 2F1A9E1D23CE18B8003BADF3 /* Main.storyboard */; };
		2F1A9E2123CE18BA003BADF3 /* Assets.xcassets in Resources */ = {isa = PBXBuildFile; fileRef = 2F1A9E2023CE18BA003BADF3 /* Assets.xcassets */; };
		2F1A9E2423CE18BA003BADF3 /* LaunchScreen.storyboard in Resources */ = {isa = PBXBuildFile; fileRef = 2F1A9E2223CE18BA003BADF3 /* LaunchScreen.storyboard */; };
/* End PBXBuildFile section */

/* Begin PBXFileReference section */
		2F1A9E1423CE18B8003BADF3 /* ScrollViewWithStackView.app */ = {isa = PBXFileReference; explicitFileType = wrapper.application; includeInIndex = 0; path = ScrollViewWithStackView.app; sourceTree = BUILT_PRODUCTS_DIR; };
		2F1A9E1723CE18B8003BADF3 /* AppDelegate.swift */ = {isa = PBXFileReference; lastKnownFileType = sourcecode.swift; path = AppDelegate.swift; sourceTree = "<group>"; };
		2F1A9E1923CE18B8003BADF3 /* SceneDelegate.swift */ = {isa = PBXFileReference; lastKnownFileType = sourcecode.swift; path = SceneDelegate.swift; sourceTree = "<group>"; };
		2F1A9E1B23CE18B8003BADF3 /* ViewController.swift */ = {isa = PBXFileReference; lastKnownFileType = sourcecode.swift; path = ViewController.swift; sourceTree = "<group>"; };
		2F1A9E1E23CE18B8003BADF3 /* Base */ = {isa = PBXFileReference; lastKnownFileType = file.storyboard; name = Base; path = Base.lproj/Main.storyboard; sourceTree = "<group>"; };
		2F1A9E2023CE18BA003BADF3 /* Assets.xcassets */ = {isa = PBXFileReference; lastKnownFileType = folder.assetcatalog; path = Assets.xcassets; sourceTree = "<group>"; };
		2F1A9E2323CE18BA003BADF3 /* Base */ = {isa = PBXFileReference; lastKnownFileType = file.storyboard; name = Base; path = Base.lproj/LaunchScreen.storyboard; sourceTree = "<group>"; };
		2F1A9E2523CE18BA003BADF3 /* Info.plist */ = {isa = PBXFileReference; lastKnownFileType = text.plist.xml; path = Info.plist; sourceTree = "<group>"; };
/* End PBXFileReference section */

/* Begin PBXFrameworksBuildPhase section */
		2F1A9E1123CE18B8003BADF3 /* Frameworks */ = {
			isa = PBXFrameworksBuildPhase;
			buildActionMask = 2147483647;
			files = (
			);
			runOnlyForDeploymentPostprocessing = 0;
		};
/* End PBXFrameworksBuildPhase section */

/* Begin PBXGroup section */
		2F1A9E0B23CE18B8003BADF3 = {
			isa = PBXGroup;
			children = (
				2F1A9E1623CE18B8003BADF3 /* ScrollViewWithStackView */,
				2F1A9E1523CE18B8003BADF3 /* Products */,
			);
			sourceTree = "<group>";
		};
		2F1A9E1523CE18B8003BADF3 /* Products */ = {
			isa = PBXGroup;
			children = (
				2F1A9E1423CE18B8003BADF3 /* ScrollViewWithStackView.app */,
			);
			name = Products;
			sourceTree = "<group>";
		};
		2F1A9E1623CE18B8003BADF3 /* ScrollViewWithStackView */ = {
			isa = PBXGroup;
			children = (
				2F1A9E1723CE18B8003BADF3 /* AppDelegate.swift */,
				2F1A9E1923CE18B8003BADF3 /* SceneDelegate.swift */,
				2F1A9E1B23CE18B8003BADF3 /* ViewController.swift */,
				2F1A9E1D23CE18B8003BADF3 /* Main.storyboard */,
				2F1A9E2023CE18BA003BADF3 /* Assets.xcassets */,
				2F1A9E2223CE18BA003BADF3 /* LaunchScreen.storyboard */,
				2F1A9E2523CE18BA003BADF3 /* Info.plist */,
			);
			path = ScrollViewWithStackView;
			sourceTree = "<group>";
		};
/* End PBXGroup section */

/* Begin PBXNativeTarget section */
		2F1A9E1323CE18B8003BADF3 /* ScrollViewWithStackView */ = {
			isa = PBXNativeTarget;
			buildConfigurationList = 2F1A9E2823CE18BA003BADF3 /* Build configuration list for PBXNativeTarget "ScrollViewWithStackView" */;
			buildPhases = (
				2F1A9E1023CE18B8003BADF3 /* Sources */,
				2F1A9E1123CE18B8003BADF3 /* Frameworks */,
				2F1A9E1223CE18B8003BADF3 /* Resources */,
			);
			buildRules = (
			);
			dependencies = (
			);
			name = ScrollViewWithStackView;
			productName = ScrollViewWithStackView;
			productReference = 2F1A9E1423CE18B8003BADF3 /* ScrollViewWithStackView.app */;
			productType = "com.apple.product-type.application";
		};
/* End PBXNativeTarget section */

/* Begin PBXProject section */
		2F1A9E0C23CE18B8003BADF3 /* Project object */ = {
			isa = PBXProject;
			attributes = {
				LastSwiftUpdateCheck = 1120;
				LastUpgradeCheck = 1120;
				ORGANIZATIONNAME = "Boy-";
				TargetAttributes = {
					2F1A9E1323CE18B8003BADF3 = {
						CreatedOnToolsVersion = 11.2.1;
					};
				};
			};
			buildConfigurationList = 2F1A9E0F23CE18B8003BADF3 /* Build configuration list for PBXProject "ScrollViewWithStackView" */;
			compatibilityVersion = "Xcode 9.3";
			developmentRegion = en;
			hasScannedForEncodings = 0;
			knownRegions = (
				en,
				Base,
			);
			mainGroup = 2F1A9E0B23CE18B8003BADF3;
			productRefGroup = 2F1A9E1523CE18B8003BADF3 /* Products */;
			projectDirPath = "";
			projectRoot = "";
			targets = (
				2F1A9E1323CE18B8003BADF3 /* ScrollViewWithStackView */,
			);
		};
/* End PBXProject section */

/* Begin PBXResourcesBuildPhase section */
		2F1A9E1223CE18B8003BADF3 /* Resources */ = {
			isa = PBXResourcesBuildPhase;
			buildActionMask = 2147483647;
			files = (
				2F1A9E2423CE18BA003BADF3 /* LaunchScreen.storyboard in Resources */,
				2F1A9E2123CE18BA003BADF3 /* Assets.xcassets in Resources */,
				2F1A9E1F23CE18B8003BADF3 /* Main.storyboard in Resources */,
			);
			runOnlyForDeploymentPostprocessing = 0;
		};
/* End PBXResourcesBuildPhase section */

/* Begin PBXSourcesBuildPhase section */
		2F1A9E1023CE18B8003BADF3 /* Sources */ = {
			isa = PBXSourcesBuildPhase;
			buildActionMask = 2147483647;
			files = (
				2F1A9E1C23CE18B8003BADF3 /* ViewController.swift in Sources */,
				2F1A9E1823CE18B8003BADF3 /* AppDelegate.swift in Sources */,
				2F1A9E1A23CE18B8003BADF3 /* SceneDelegate.swift in Sources */,
			);
			runOnlyForDeploymentPostprocessing = 0;
		};
/* End PBXSourcesBuildPhase section */

/* Begin PBXVariantGroup section */
		2F1A9E1D23CE18B8003BADF3 /* Main.storyboard */ = {
			isa = PBXVariantGroup;
			children = (
				2F1A9E1E23CE18B8003BADF3 /* Base */,
			);
			name = Main.storyboard;
			sourceTree = "<group>";
		};
		2F1A9E2223CE18BA003BADF3 /* LaunchScreen.storyboard */ = {
			isa = PBXVariantGroup;
			children = (
				2F1A9E2323CE18BA003BADF3 /* Base */,
			);
			name = LaunchScreen.storyboard;
			sourceTree = "<group>";
		};
/* End PBXVariantGroup section */

/* Begin XCBuildConfiguration section */
		2F1A9E2623CE18BA003BADF3 /* Debug */ = {
			isa = XCBuildConfiguration;
			buildSettings = {
				ALWAYS_SEARCH_USER_PATHS = NO;
				CLANG_ANALYZER_NONNULL = YES;
				CLANG_ANALYZER_NUMBER_OBJECT_CONVERSION = YES_AGGRESSIVE;
				CLANG_CXX_LANGUAGE_STANDARD = "gnu++14";
				CLANG_CXX_LIBRARY = "libc++";
				CLANG_ENABLE_MODULES = YES;
				CLANG_ENABLE_OBJC_ARC = YES;
				CLANG_ENABLE_OBJC_WEAK = YES;
				CLANG_WARN_BLOCK_CAPTURE_AUTORELEASING = YES;
				CLANG_WARN_BOOL_CONVERSION = YES;
				CLANG_WARN_COMMA = YES;
				CLANG_WARN_CONSTANT_CONVERSION = YES;
				CLANG_WARN_DEPRECATED_OBJC_IMPLEMENTATIONS = YES;
				CLANG_WARN_DIRECT_OBJC_ISA_USAGE = YES_ERROR;
				CLANG_WARN_DOCUMENTATION_COMMENTS = YES;
				CLANG_WARN_EMPTY_BODY = YES;
				CLANG_WARN_ENUM_CONVERSION = YES;
				CLANG_WARN_INFINITE_RECURSION = YES;
				CLANG_WARN_INT_CONVERSION = YES;
				CLANG_WARN_NON_LITERAL_NULL_CONVERSION = YES;
				CLANG_WARN_OBJC_IMPLICIT_RETAIN_SELF = YES;
				CLANG_WARN_OBJC_LITERAL_CONVERSION = YES;
				CLANG_WARN_OBJC_ROOT_CLASS = YES_ERROR;
				CLANG_WARN_RANGE_LOOP_ANALYSIS = YES;
				CLANG_WARN_STRICT_PROTOTYPES = YES;
				CLANG_WARN_SUSPICIOUS_MOVE = YES;
				CLANG_WARN_UNGUARDED_AVAILABILITY = YES_AGGRESSIVE;
				CLANG_WARN_UNREACHABLE_CODE = YES;
				CLANG_WARN__DUPLICATE_METHOD_MATCH = YES;
				COPY_PHASE_STRIP = NO;
				DEBUG_INFORMATION_FORMAT = dwarf;
				ENABLE_STRICT_OBJC_MSGSEND = YES;
				ENABLE_TESTABILITY = YES;
				GCC_C_LANGUAGE_STANDARD = gnu11;
				GCC_DYNAMIC_NO_PIC = NO;
				GCC_NO_COMMON_BLOCKS = YES;
				GCC_OPTIMIZATION_LEVEL = 0;
				GCC_PREPROCESSOR_DEFINITIONS = (
					"DEBUG=1",
					"$(inherited)",
				);
				GCC_WARN_64_TO_32_BIT_CONVERSION = YES;
				GCC_WARN_ABOUT_RETURN_TYPE = YES_ERROR;
				GCC_WARN_UNDECLARED_SELECTOR = YES;
				GCC_WARN_UNINITIALIZED_AUTOS = YES_AGGRESSIVE;
				GCC_WARN_UNUSED_FUNCTION = YES;
				GCC_WARN_UNUSED_VARIABLE = YES;
				IPHONEOS_DEPLOYMENT_TARGET = 13.2;
				MTL_ENABLE_DEBUG_INFO = INCLUDE_SOURCE;
				MTL_FAST_MATH = YES;
				ONLY_ACTIVE_ARCH = YES;
				SDKROOT = iphoneos;
				SWIFT_ACTIVE_COMPILATION_CONDITIONS = DEBUG;
				SWIFT_OPTIMIZATION_LEVEL = "-Onone";
			};
			name = Debug;
		};
		2F1A9E2723CE18BA003BADF3 /* Release */ = {
			isa = XCBuildConfiguration;
			buildSettings = {
				ALWAYS_SEARCH_USER_PATHS = NO;
				CLANG_ANALYZER_NONNULL = YES;
				CLANG_ANALYZER_NUMBER_OBJECT_CONVERSION = YES_AGGRESSIVE;
				CLANG_CXX_LANGUAGE_STANDARD = "gnu++14";
				CLANG_CXX_LIBRARY = "libc++";
				CLANG_ENABLE_MODULES = YES;
				CLANG_ENABLE_OBJC_ARC = YES;
				CLANG_ENABLE_OBJC_WEAK = YES;
				CLANG_WARN_BLOCK_CAPTURE_AUTORELEASING = YES;
				CLANG_WARN_BOOL_CONVERSION = YES;
				CLANG_WARN_COMMA = YES;
				CLANG_WARN_CONSTANT_CONVERSION = YES;
				CLANG_WARN_DEPRECATED_OBJC_IMPLEMENTATIONS = YES;
				CLANG_WARN_DIRECT_OBJC_ISA_USAGE = YES_ERROR;
				CLANG_WARN_DOCUMENTATION_COMMENTS = YES;
				CLANG_WARN_EMPTY_BODY = YES;
				CLANG_WARN_ENUM_CONVERSION = YES;
				CLANG_WARN_INFINITE_RECURSION = YES;
				CLANG_WARN_INT_CONVERSION = YES;
				CLANG_WARN_NON_LITERAL_NULL_CONVERSION = YES;
				CLANG_WARN_OBJC_IMPLICIT_RETAIN_SELF = YES;
				CLANG_WARN_OBJC_LITERAL_CONVERSION = YES;
				CLANG_WARN_OBJC_ROOT_CLASS = YES_ERROR;
				CLANG_WARN_RANGE_LOOP_ANALYSIS = YES;
				CLANG_WARN_STRICT_PROTOTYPES = YES;
				CLANG_WARN_SUSPICIOUS_MOVE = YES;
				CLANG_WARN_UNGUARDED_AVAILABILITY = YES_AGGRESSIVE;
				CLANG_WARN_UNREACHABLE_CODE = YES;
				CLANG_WARN__DUPLICATE_METHOD_MATCH = YES;
				COPY_PHASE_STRIP = NO;
				DEBUG_INFORMATION_FORMAT = "dwarf-with-dsym";
				ENABLE_NS_ASSERTIONS = NO;
				ENABLE_STRICT_OBJC_MSGSEND = YES;
				GCC_C_LANGUAGE_STANDARD = gnu11;
				GCC_NO_COMMON_BLOCKS = YES;
				GCC_WARN_64_TO_32_BIT_CONVERSION = YES;
				GCC_WARN_ABOUT_RETURN_TYPE = YES_ERROR;
				GCC_WARN_UNDECLARED_SELECTOR = YES;
				GCC_WARN_UNINITIALIZED_AUTOS = YES_AGGRESSIVE;
				GCC_WARN_UNUSED_FUNCTION = YES;
				GCC_WARN_UNUSED_VARIABLE = YES;
				IPHONEOS_DEPLOYMENT_TARGET = 13.2;
				MTL_ENABLE_DEBUG_INFO = NO;
				MTL_FAST_MATH = YES;
				SDKROOT = iphoneos;
				SWIFT_COMPILATION_MODE = wholemodule;
				SWIFT_OPTIMIZATION_LEVEL = "-O";
				VALIDATE_PRODUCT = YES;
			};
			name = Release;
		};
		2F1A9E2923CE18BA003BADF3 /* Debug */ = {
			isa = XCBuildConfiguration;
			buildSettings = {
				ASSETCATALOG_COMPILER_APPICON_NAME = AppIcon;
				CODE_SIGN_STYLE = Automatic;
				INFOPLIST_FILE = ScrollViewWithStackView/Info.plist;
				LD_RUNPATH_SEARCH_PATHS = (
					"$(inherited)",
					"@executable_path/Frameworks",
				);
				PRODUCT_BUNDLE_IDENTIFIER = alounsavanh.anothay.ScrollViewWithStackView;
				PRODUCT_NAME = "$(TARGET_NAME)";
				SWIFT_VERSION = 5.0;
				TARGETED_DEVICE_FAMILY = "1,2";
			};
			name = Debug;
		};
		2F1A9E2A23CE18BA003BADF3 /* Release */ = {
			isa = XCBuildConfiguration;
			buildSettings = {
				ASSETCATALOG_COMPILER_APPICON_NAME = AppIcon;
				CODE_SIGN_STYLE = Automatic;
				INFOPLIST_FILE = ScrollViewWithStackView/Info.plist;
				LD_RUNPATH_SEARCH_PATHS = (
					"$(inherited)",
					"@executable_path/Frameworks",
				);
				PRODUCT_BUNDLE_IDENTIFIER = alounsavanh.anothay.ScrollViewWithStackView;
				PRODUCT_NAME = "$(TARGET_NAME)";
				SWIFT_VERSION = 5.0;
				TARGETED_DEVICE_FAMILY = "1,2";
			};
			name = Release;
		};
/* End XCBuildConfiguration section */

/* Begin XCConfigurationList section */
		2F1A9E0F23CE18B8003BADF3 /* Build configuration list for PBXProject "ScrollViewWithStackView" */ = {
			isa = XCConfigurationList;
			buildConfigurations = (
				2F1A9E2623CE18BA003BADF3 /* Debug */,
				2F1A9E2723CE18BA003BADF3 /* Release */,
			);
			defaultConfigurationIsVisible = 0;
			defaultConfigurationName = Release;
		};
		2F1A9E2823CE18BA003BADF3 /* Build configuration list for PBXNativeTarget "ScrollViewWithStackView" */ = {
			isa = XCConfigurationList;
			buildConfigurations = (
				2F1A9E2923CE18BA003BADF3 /* Debug */,
				2F1A9E2A23CE18BA003BADF3 /* Release */,
			);
			defaultConfigurationIsVisible = 0;
			defaultConfigurationName = Release;
		};
/* End XCConfigurationList section */
	};
	rootObject = 2F1A9E0C23CE18B8003BADF3 /* Project object */;
}
